{
  "nodes": {
    "devenv": {
      "locked": {
        "dir": "src/modules",
        "lastModified": 1781547763,
        "narHash": "sha256-ja1ldrVMElQZxngyFco8oUeojwyI8EQqxzYLlUaFYBA=",
        "owner": "cachix",
        "repo": "devenv",
        "rev": "c8eaa3070592e21a43a91b0a2edd1e449cac0a0d",
        "type": "github"
      },
      "original": {
        "dir": "src/modules",
        "owner": "cachix",
        "repo": "devenv",
        "type": "github"
      }
    },
    "devman": {
      "inputs": {
        "nixpkgs": "nixpkgs"
      },
      "locked": {
        "lastModified": 1787441567,
        "narHash": "sha256-jvQJqKfYjn7A0fub2WbTzLV2K5gfIqJxCHEz0HSEf3w=",
        "ref": "main",
        "rev": "df9cfe5ae3f5e6d77bb23300d4aa5c87adc478fc",
        "revCount": 225,
        "type": "git",
        "url": "https://github.com/Bullish-Design/devman"
      },
      "original": {
        "ref": "main",
        "rev": "df9cfe5ae3f5e6d77bb23300d4aa5c87adc478fc",
        "type": "git",
        "url": "https://github.com/Bullish-Design/devman"
      }
    },
    "flake-compat": {
      "flake": false,
      "locked": {
        "lastModified": 1767039857,
        "narHash": "sha256-vNpUSpF5Nuw8xvDLj2KCwwksIbjua2LZCqhV1LNRDns=",
        "owner": "edolstra",
        "repo": "flake-compat",
        "rev": "5edf11c44bc78a0d334f6334cdaf7d60d732daab",
        "type": "github"
      },
      "original": {
        "owner": "edolstra",
        "repo": "flake-compat",
        "type": "github"
      }
    },
    "home-manager": {
      "inputs": {
        "nixpkgs": [
          "shellij",
          "nixpkgs"
        ]
      },
      "locked": {
        "lastModified": 1784123766,
        "narHash": "sha256-PZcuvieLhy1OaX5LQr4kZgO59x/7rS47vWSqOXiBhts=",
        "owner": "nix-community",
        "repo": "home-manager",
        "rev": "6dc9e081ba2afc8c3b81ccddcb895f786155b292",
        "type": "github"
      },
      "original": {
        "owner": "nix-community",
        "repo": "home-manager",
        "type": "github"
      }
    },
    "nixpkgs": {
      "locked": {
        "lastModified": 1787135253,
        "narHash": "sha256-RD2kNWCG+Bjo6h+JVjWVNntZs2GtRoeY2xHjts/FNkA=",
        "owner": "NixOS",
        "repo": "nixpkgs",
        "rev": "ffb3c9b700e759be2ef13237c9d8f953b32a1e46",
        "type": "github"
      },
      "original": {
        "owner": "NixOS",
        "ref": "nixos-unstable",
        "repo": "nixpkgs",
        "type": "github"
      }
    },
    "nixpkgs-jj": {
      "locked": {
        "lastModified": 1780595145,
        "narHash": "sha256-y07hZlCyUXlreb6vHeBmaCtfCdkdh/UfvLoG3h+cap0=",
        "owner": "NixOS",
        "repo": "nixpkgs",
        "rev": "bac94ee5925c889ce406cf085b33f51bb3e3dd6c",
        "type": "github"
      },
      "original": {
        "owner": "NixOS",
        "repo": "nixpkgs",
        "rev": "bac94ee5925c889ce406cf085b33f51bb3e3dd6c",
        "type": "github"
      }
    },
    "nixpkgs-python": {
      "inputs": {
        "flake-compat": "flake-compat",
        "nixpkgs": "nixpkgs_3"
      },
      "locked": {
        "lastModified": 1781070343,
        "narHash": "sha256-wXAybU+2LlbXm9cfRDHRPASakq60rLvZBXVT2Ahkj1U=",
        "owner": "cachix",
        "repo": "nixpkgs-python",
        "rev": "23629493653be6df0472a46b1be1d65cbd6df55b",
        "type": "github"
      },
      "original": {
        "owner": "cachix",
        "repo": "nixpkgs-python",
        "type": "github"
      }
    },
    "nixpkgs-src": {
      "flake": false,
      "locked": {
        "lastModified": 1778274207,
        "narHash": "sha256-I4puXmX1iovcCHZlRmztO3vW0mAbbRvq4F8wgIMQ1MM=",
        "owner": "NixOS",
        "repo": "nixpkgs",
        "rev": "b3da656039dc7a6240f27b2ef8cc6a3ef3bccae7",
        "type": "github"
      },
      "original": {
        "owner": "NixOS",
        "ref": "nixpkgs-unstable",
        "repo": "nixpkgs",
        "type": "github"
      }
    },
    "nixpkgs_2": {
      "inputs": {
        "nixpkgs-src": "nixpkgs-src"
      },
      "locked": {
        "lastModified": 1778507786,
        "narHash": "sha256-HzSQCKMsMr8r55LwM1JuzIOB+8bzk0FEv6sItKvsfoY=",
        "owner": "cachix",
        "repo": "devenv-nixpkgs",
        "rev": "8f24a228a782e24576b155d1e39f0d914b380691",
        "type": "github"
      },
      "original": {
        "owner": "cachix",
        "ref": "rolling",
        "repo": "devenv-nixpkgs",
        "type": "github"
      }
    },
    "nixpkgs_3": {
      "locked": {
        "lastModified": 1773964973,
        "narHash": "sha256-NV/J+tTER0P5iJhUDL/8HO5MDjDceLQPRUYgdmy5wXw=",
        "owner": "NixOS",
        "repo": "nixpkgs",
        "rev": "812b3986fd1568f7a858f97fcf425ad996ba7d25",
        "type": "github"
      },
      "original": {
        "owner": "NixOS",
        "ref": "nixos-25.11",
        "repo": "nixpkgs",
        "type": "github"
      }
    },
    "nixpkgs_4": {
      "locked": {
        "lastModified": 1784007870,
        "narHash": "sha256-djcLt/JJphyNt4eDY9XTly+/WbCK5lqWq9lSgCmJkkQ=",
        "owner": "NixOS",
        "repo": "nixpkgs",
        "rev": "18b9261cb3294b6d2a06d03f96872827b8fe2698",
        "type": "github"
      },
      "original": {
        "owner": "NixOS",
        "ref": "nixos-unstable",
        "repo": "nixpkgs",
        "type": "github"
      }
    },
    "root": {
      "inputs": {
        "devenv": "devenv",
        "devman": "devman",
        "nixpkgs": "nixpkgs_2",
        "nixpkgs-jj": "nixpkgs-jj",
        "nixpkgs-python": "nixpkgs-python",
        "shellij": "shellij"
      }
    },
    "shellij": {
      "inputs": {
        "home-manager": "home-manager",
        "nixpkgs": "nixpkgs_4"
      },
      "locked": {
        "path": "/home/andrew/Documents/Projects/shellij",
        "type": "path"
      },
      "original": {
        "path": "/home/andrew/Documents/Projects/shellij",
        "type": "path"
      }
    }
  },
  "root": "root",
  "version": 7
}